
Microsoft Visual Studio Solution File, Format Version 12.00
# Visual Studio Version 16
VisualStudioVersion = 16.0.30717.126
MinimumVisualStudioVersion = 10.0.40219.1
Project("{FAE04EC0-301F-11D3-BF4B-00C04F79EFBC}") = "GameDev2", "GameDev2\GameDev2.csproj", "{6F0DD1BD-F8EA-4FFC-9117-F3F0BAC8AED6}"
EndProject
Global
	GlobalSection(SolutionConfigurationPlatforms) = preSolution
		Debug|Any CPU = Debug|Any CPU
		Release|Any CPU = Release|Any CPU
	EndGlobalSection
	GlobalSection(ProjectConfigurationPlatforms) = postSolution
		{6F0DD1BD-F8EA-4FFC-9117-F3F0BAC8AED6}.Debug|Any CPU.ActiveCfg = Debug|Any CPU
		{6F0DD1BD-F8EA-4FFC-9117-F3F0BAC8AED6}.Debug|Any CPU.Build.0 = Debug|Any CPU
		{6F0DD1BD-F8EA-4FFC-9117-F3F0BAC8AED6}.Release|Any CPU.ActiveCfg = Release|Any CPU
		{6F0DD1BD-F8EA-4FFC-9117-F3F0BAC8AED6}.Release|Any CPU.Build.0 = Release|Any CPU
	EndGlobalSection
	GlobalSection(SolutionProperties) = preSolution
		HideSolutionNode = FALSE
	EndGlobalSection
	GlobalSection(ExtensibilityGlobals) = postSolution
		SolutionGuid = {262A44A9-48AD-4947-AAFE-1C9CE98DD4FA}
	EndGlobalSection
EndGlobal
